
Microsoft Visual Studio Solution File, Format Version 12.00
# Visual Studio 15
VisualStudioVersion = 15.0.28010.2036
MinimumVisualStudioVersion = 10.0.40219.1
Project("{FAE04EC0-301F-11D3-BF4B-00C04F79EFBC}") = "GrandCircusLab14_AlligatorsAndSheep", "GrandCircusLab14_AlligatorsAndSheep\GrandCircusLab14_AlligatorsAndSheep.csproj", "{FD7675E7-EB8B-4762-A4E2-1F13F42C86AC}"
EndProject
Global
	GlobalSection(SolutionConfigurationPlatforms) = preSolution
		Debug|Any CPU = Debug|Any CPU
		Release|Any CPU = Release|Any CPU
	EndGlobalSection
	GlobalSection(ProjectConfigurationPlatforms) = postSolution
		{FD7675E7-EB8B-4762-A4E2-1F13F42C86AC}.Debug|Any CPU.ActiveCfg = Debug|Any CPU
		{FD7675E7-EB8B-4762-A4E2-1F13F42C86AC}.Debug|Any CPU.Build.0 = Debug|Any CPU
		{FD7675E7-EB8B-4762-A4E2-1F13F42C86AC}.Release|Any CPU.ActiveCfg = Release|Any CPU
		{FD7675E7-EB8B-4762-A4E2-1F13F42C86AC}.Release|Any CPU.Build.0 = Release|Any CPU
	EndGlobalSection
	GlobalSection(SolutionProperties) = preSolution
		HideSolutionNode = FALSE
	EndGlobalSection
	GlobalSection(ExtensibilityGlobals) = postSolution
		SolutionGuid = {85C8887C-374E-476D-9638-BC87759FEB49}
	EndGlobalSection
EndGlobal
